
Microsoft Visual Studio Solution File, Format Version 12.00
# Visual Studio 14
VisualStudioVersion = 14.0.23107.0
MinimumVisualStudioVersion = 10.0.40219.1
Project("{FAE04EC0-301F-11D3-BF4B-00C04F79EFBC}") = "ImperialPizza", "ImperialPizza\ImperialPizza.csproj", "{332EB2E5-46D0-4DAE-805D-BA7AB33DA060}"
EndProject
Project("{FAE04EC0-301F-11D3-BF4B-00C04F79EFBC}") = "PizzaMVC", "PizzaMVC\PizzaMVC.csproj", "{06F5FF63-769D-4049-900E-ED26A1BFDF9D}"
EndProject
Project("{2150E333-8FDC-42A3-9474-1A3956D46DE8}") = "Solution Items", "Solution Items", "{BE240CDE-A97B-4F39-BF34-1D474258A490}"
	ProjectSection(SolutionItems) = preProject
		WE-Palette.css = WE-Palette.css
		WebEssentials2015-Settings.json = WebEssentials2015-Settings.json
	EndProjectSection
EndProject
Global
	GlobalSection(SolutionConfigurationPlatforms) = preSolution
		Debug|Any CPU = Debug|Any CPU
		Release|Any CPU = Release|Any CPU
	EndGlobalSection
	GlobalSection(ProjectConfigurationPlatforms) = postSolution
		{332EB2E5-46D0-4DAE-805D-BA7AB33DA060}.Debug|Any CPU.ActiveCfg = Debug|Any CPU
		{332EB2E5-46D0-4DAE-805D-BA7AB33DA060}.Debug|Any CPU.Build.0 = Debug|Any CPU
		{332EB2E5-46D0-4DAE-805D-BA7AB33DA060}.Release|Any CPU.ActiveCfg = Release|Any CPU
		{332EB2E5-46D0-4DAE-805D-BA7AB33DA060}.Release|Any CPU.Build.0 = Release|Any CPU
		{06F5FF63-769D-4049-900E-ED26A1BFDF9D}.Debug|Any CPU.ActiveCfg = Debug|Any CPU
		{06F5FF63-769D-4049-900E-ED26A1BFDF9D}.Debug|Any CPU.Build.0 = Debug|Any CPU
		{06F5FF63-769D-4049-900E-ED26A1BFDF9D}.Release|Any CPU.ActiveCfg = Release|Any CPU
		{06F5FF63-769D-4049-900E-ED26A1BFDF9D}.Release|Any CPU.Build.0 = Release|Any CPU
	EndGlobalSection
	GlobalSection(SolutionProperties) = preSolution
		HideSolutionNode = FALSE
	EndGlobalSection
EndGlobal
